
Microsoft Visual Studio Solution File, Format Version 12.00
# Visual Studio Version 16
VisualStudioVersion = 16.0.30114.105
MinimumVisualStudioVersion = 10.0.40219.1
Project("{FAE04EC0-301F-11D3-BF4B-00C04F79EFBC}") = "TP6_1", "TP6_1\TP6_1.csproj", "{AA4D64B4-02A6-4508-A47E-69B13FF717E0}"
EndProject
Project("{FAE04EC0-301F-11D3-BF4B-00C04F79EFBC}") = "TP6_2", "TP6_2\TP6_2.csproj", "{2946D60B-919B-4370-AFDC-46693B7BB897}"
EndProject
Project("{FAE04EC0-301F-11D3-BF4B-00C04F79EFBC}") = "TP6_3", "TP6_3\TP6_3.csproj", "{399C81C7-D958-4329-A2BD-88A716050627}"
EndProject
Global
	GlobalSection(SolutionConfigurationPlatforms) = preSolution
		Debug|Any CPU = Debug|Any CPU
		Release|Any CPU = Release|Any CPU
	EndGlobalSection
	GlobalSection(ProjectConfigurationPlatforms) = postSolution
		{AA4D64B4-02A6-4508-A47E-69B13FF717E0}.Debug|Any CPU.ActiveCfg = Debug|Any CPU
		{AA4D64B4-02A6-4508-A47E-69B13FF717E0}.Debug|Any CPU.Build.0 = Debug|Any CPU
		{AA4D64B4-02A6-4508-A47E-69B13FF717E0}.Release|Any CPU.ActiveCfg = Release|Any CPU
		{AA4D64B4-02A6-4508-A47E-69B13FF717E0}.Release|Any CPU.Build.0 = Release|Any CPU
		{2946D60B-919B-4370-AFDC-46693B7BB897}.Debug|Any CPU.ActiveCfg = Debug|Any CPU
		{2946D60B-919B-4370-AFDC-46693B7BB897}.Debug|Any CPU.Build.0 = Debug|Any CPU
		{2946D60B-919B-4370-AFDC-46693B7BB897}.Release|Any CPU.ActiveCfg = Release|Any CPU
		{2946D60B-919B-4370-AFDC-46693B7BB897}.Release|Any CPU.Build.0 = Release|Any CPU
		{399C81C7-D958-4329-A2BD-88A716050627}.Debug|Any CPU.ActiveCfg = Debug|Any CPU
		{399C81C7-D958-4329-A2BD-88A716050627}.Debug|Any CPU.Build.0 = Debug|Any CPU
		{399C81C7-D958-4329-A2BD-88A716050627}.Release|Any CPU.ActiveCfg = Release|Any CPU
		{399C81C7-D958-4329-A2BD-88A716050627}.Release|Any CPU.Build.0 = Release|Any CPU
	EndGlobalSection
	GlobalSection(SolutionProperties) = preSolution
		HideSolutionNode = FALSE
	EndGlobalSection
	GlobalSection(ExtensibilityGlobals) = postSolution
		SolutionGuid = {F14A060C-A94C-4E35-A645-AE51433A75E6}
	EndGlobalSection
EndGlobal
