
Microsoft Visual Studio Solution File, Format Version 12.00
# Visual Studio Version 16
VisualStudioVersion = 16.0.30104.148
MinimumVisualStudioVersion = 10.0.40219.1
Project("{FAE04EC0-301F-11D3-BF4B-00C04F79EFBC}") = "TP6-TallerdeLenguajes", "TP6-TallerdeLenguajes\TP6-TallerdeLenguajes.csproj", "{73F7F139-E0A0-482E-B90B-43A4DD141F8A}"
EndProject
Global
	GlobalSection(SolutionConfigurationPlatforms) = preSolution
		Debug|Any CPU = Debug|Any CPU
		Release|Any CPU = Release|Any CPU
	EndGlobalSection
	GlobalSection(ProjectConfigurationPlatforms) = postSolution
		{73F7F139-E0A0-482E-B90B-43A4DD141F8A}.Debug|Any CPU.ActiveCfg = Debug|Any CPU
		{73F7F139-E0A0-482E-B90B-43A4DD141F8A}.Debug|Any CPU.Build.0 = Debug|Any CPU
		{73F7F139-E0A0-482E-B90B-43A4DD141F8A}.Release|Any CPU.ActiveCfg = Release|Any CPU
		{73F7F139-E0A0-482E-B90B-43A4DD141F8A}.Release|Any CPU.Build.0 = Release|Any CPU
	EndGlobalSection
	GlobalSection(SolutionProperties) = preSolution
		HideSolutionNode = FALSE
	EndGlobalSection
	GlobalSection(ExtensibilityGlobals) = postSolution
		SolutionGuid = {250868FA-F785-43CA-A62D-FEAF9A54E77F}
	EndGlobalSection
EndGlobal
